
Microsoft Visual Studio Solution File, Format Version 12.00
# Visual Studio Version 16
VisualStudioVersion = 16.0.29911.84
MinimumVisualStudioVersion = 10.0.40219.1
Project("{9A19103F-16F7-4668-BE54-9A1E7A4F7556}") = "WpfApp", "WpfApp5\WpfApp.csproj", "{61CC8A32-DFDC-4CEE-80FB-61EC4D20F24D}"
EndProject
Global
	GlobalSection(SolutionConfigurationPlatforms) = preSolution
		Debug|Any CPU = Debug|Any CPU
		Release|Any CPU = Release|Any CPU
	EndGlobalSection
	GlobalSection(ProjectConfigurationPlatforms) = postSolution
		{61CC8A32-DFDC-4CEE-80FB-61EC4D20F24D}.Debug|Any CPU.ActiveCfg = Debug|Any CPU
		{61CC8A32-DFDC-4CEE-80FB-61EC4D20F24D}.Debug|Any CPU.Build.0 = Debug|Any CPU
		{61CC8A32-DFDC-4CEE-80FB-61EC4D20F24D}.Release|Any CPU.ActiveCfg = Release|Any CPU
		{61CC8A32-DFDC-4CEE-80FB-61EC4D20F24D}.Release|Any CPU.Build.0 = Release|Any CPU
	EndGlobalSection
	GlobalSection(SolutionProperties) = preSolution
		HideSolutionNode = FALSE
	EndGlobalSection
	GlobalSection(ExtensibilityGlobals) = postSolution
		SolutionGuid = {C3755F48-CE42-48B1-8D5C-AD4B51C5685A}
	EndGlobalSection
EndGlobal
