
Microsoft Visual Studio Solution File, Format Version 12.00
# Visual Studio Version 16
VisualStudioVersion = 16.0.29911.84
MinimumVisualStudioVersion = 10.0.40219.1
Project("{FAE04EC0-301F-11D3-BF4B-00C04F79EFBC}") = "Labs", "Labs\Labs.csproj", "{FAD6A3F5-92C6-46CF-8349-AD9710192600}"
EndProject
Global
	GlobalSection(SolutionConfigurationPlatforms) = preSolution
		Debug|Any CPU = Debug|Any CPU
		Release|Any CPU = Release|Any CPU
	EndGlobalSection
	GlobalSection(ProjectConfigurationPlatforms) = postSolution
		{FAD6A3F5-92C6-46CF-8349-AD9710192600}.Debug|Any CPU.ActiveCfg = Debug|Any CPU
		{FAD6A3F5-92C6-46CF-8349-AD9710192600}.Debug|Any CPU.Build.0 = Debug|Any CPU
		{FAD6A3F5-92C6-46CF-8349-AD9710192600}.Release|Any CPU.ActiveCfg = Release|Any CPU
		{FAD6A3F5-92C6-46CF-8349-AD9710192600}.Release|Any CPU.Build.0 = Release|Any CPU
	EndGlobalSection
	GlobalSection(SolutionProperties) = preSolution
		HideSolutionNode = FALSE
	EndGlobalSection
	GlobalSection(ExtensibilityGlobals) = postSolution
		SolutionGuid = {817FB0BF-1EB0-499F-BC11-C111E4C62BBE}
	EndGlobalSection
EndGlobal
