
Microsoft Visual Studio Solution File, Format Version 12.00
# Visual Studio Version 16
VisualStudioVersion = 16.0.31321.278
MinimumVisualStudioVersion = 10.0.40219.1
Project("{FAE04EC0-301F-11D3-BF4B-00C04F79EFBC}") = "Labs226-2021", "Labs226-2021\Labs226-2021.csproj", "{114AB737-3D74-4C73-88C5-CC9CB77C2517}"
EndProject
Global
	GlobalSection(SolutionConfigurationPlatforms) = preSolution
		Debug|Any CPU = Debug|Any CPU
		Release|Any CPU = Release|Any CPU
	EndGlobalSection
	GlobalSection(ProjectConfigurationPlatforms) = postSolution
		{114AB737-3D74-4C73-88C5-CC9CB77C2517}.Debug|Any CPU.ActiveCfg = Debug|Any CPU
		{114AB737-3D74-4C73-88C5-CC9CB77C2517}.Debug|Any CPU.Build.0 = Debug|Any CPU
		{114AB737-3D74-4C73-88C5-CC9CB77C2517}.Release|Any CPU.ActiveCfg = Release|Any CPU
		{114AB737-3D74-4C73-88C5-CC9CB77C2517}.Release|Any CPU.Build.0 = Release|Any CPU
	EndGlobalSection
	GlobalSection(SolutionProperties) = preSolution
		HideSolutionNode = FALSE
	EndGlobalSection
	GlobalSection(ExtensibilityGlobals) = postSolution
		SolutionGuid = {42E08BFF-C0BE-4E61-BB48-A506DFA565AA}
	EndGlobalSection
EndGlobal
