
Microsoft Visual Studio Solution File, Format Version 12.00
# Visual Studio Version 16
VisualStudioVersion = 16.0.29806.167
MinimumVisualStudioVersion = 10.0.40219.1
Project("{FAE04EC0-301F-11D3-BF4B-00C04F79EFBC}") = "WpfApp2", "WpfApp2\WpfApp2.csproj", "{BEA6722F-E6C8-40D3-84E4-EEEEFDE43E16}"
EndProject
Global
	GlobalSection(SolutionConfigurationPlatforms) = preSolution
		Debug|Any CPU = Debug|Any CPU
		Release|Any CPU = Release|Any CPU
	EndGlobalSection
	GlobalSection(ProjectConfigurationPlatforms) = postSolution
		{BEA6722F-E6C8-40D3-84E4-EEEEFDE43E16}.Debug|Any CPU.ActiveCfg = Debug|Any CPU
		{BEA6722F-E6C8-40D3-84E4-EEEEFDE43E16}.Debug|Any CPU.Build.0 = Debug|Any CPU
		{BEA6722F-E6C8-40D3-84E4-EEEEFDE43E16}.Release|Any CPU.ActiveCfg = Release|Any CPU
		{BEA6722F-E6C8-40D3-84E4-EEEEFDE43E16}.Release|Any CPU.Build.0 = Release|Any CPU
	EndGlobalSection
	GlobalSection(SolutionProperties) = preSolution
		HideSolutionNode = FALSE
	EndGlobalSection
	GlobalSection(ExtensibilityGlobals) = postSolution
		SolutionGuid = {0F7E8290-588D-4FE3-978B-FFB5A1E8446C}
	EndGlobalSection
EndGlobal
