
Microsoft Visual Studio Solution File, Format Version 12.00
# Visual Studio Version 16
VisualStudioVersion = 16.0.29728.190
MinimumVisualStudioVersion = 10.0.40219.1
Project("{FAE04EC0-301F-11D3-BF4B-00C04F79EFBC}") = "Catalog", "Catalog\Catalog.csproj", "{0404A1C0-0B36-4F04-B922-7E8DE66593F4}"
EndProject
Global
	GlobalSection(SolutionConfigurationPlatforms) = preSolution
		Debug|Any CPU = Debug|Any CPU
		Release|Any CPU = Release|Any CPU
	EndGlobalSection
	GlobalSection(ProjectConfigurationPlatforms) = postSolution
		{0404A1C0-0B36-4F04-B922-7E8DE66593F4}.Debug|Any CPU.ActiveCfg = Debug|Any CPU
		{0404A1C0-0B36-4F04-B922-7E8DE66593F4}.Debug|Any CPU.Build.0 = Debug|Any CPU
		{0404A1C0-0B36-4F04-B922-7E8DE66593F4}.Release|Any CPU.ActiveCfg = Release|Any CPU
		{0404A1C0-0B36-4F04-B922-7E8DE66593F4}.Release|Any CPU.Build.0 = Release|Any CPU
	EndGlobalSection
	GlobalSection(SolutionProperties) = preSolution
		HideSolutionNode = FALSE
	EndGlobalSection
	GlobalSection(ExtensibilityGlobals) = postSolution
		SolutionGuid = {4AEBA27D-3FA9-40D9-9B10-5DC4F8BE7785}
	EndGlobalSection
EndGlobal
